{
    "name": "helloworld",
    "version": "1.0.0",
    "lockfileVersion": 1,
    "requires": true,
    "dependencies": {
        "najva": {
            "version": "1.0.14",
            "resolved": "https://registry.npmjs.org/najva/-/najva-1.0.14.tgz",
            "integrity": "sha512-mIeji+7gwt/2zD2lXZRvGWo2I2xiKeAFFTGddzsuMv7TUmfENSYw/zLyFJSEZbCjvA21JQeHRXDfV61Om8KiTg=="
        }
    }
}
